{
    "_readme": [
        "This file locks the dependencies of your project to a known state",
        "Read more about it at https://getcomposer.org/doc/01-basic-usage.md#composer-lock-the-lock-file",
        "This file is @generated automatically"
    ],
    "hash": "4801fa640d99ed02f9303186186f5eaf",
    "content-hash": "1fd9bcd321f918dda5428525c1bd9063",
    "packages": [
        {
            "name": "fisharebest/ext-calendar",
            "version": "2.1.1",
            "source": {
                "type": "git",
                "url": "https://github.com/fisharebest/ext-calendar.git",
                "reference": "4ad4547f91073c4266274c5375bcca981e1e98ec"
            },
            "dist": {
                "type": "zip",
                "url": "https://api.github.com/repos/fisharebest/ext-calendar/zipball/4ad4547f91073c4266274c5375bcca981e1e98ec",
                "reference": "4ad4547f91073c4266274c5375bcca981e1e98ec",
                "shasum": ""
            },
            "require": {
                "php": ">=5.3.0"
            },
            "require-dev": {
                "phpunit/phpunit": "*",
                "satooshi/php-coveralls": "*"
            },
            "type": "library",
            "autoload": {
                "psr-4": {
                    "Fisharebest\\ExtCalendar\\": "src/"
                }
            },
            "notification-url": "https://packagist.org/downloads/",
            "license": [
                "GPL-3.0+"
            ],
            "authors": [
                {
                    "name": "Greg Roach",
                    "email": "fisharebest@gmail.com",
                    "role": "Developer"
                }
            ],
            "description": "Implementation of the Arabic (Hijri), French, Gregorian, Jewish, Julian and Persian (Jalali) calendars.  Optional PHP shims for servers without the ext/calendar extension.",
            "homepage": "https://github.com/fisharebest/ext-calendar",
            "keywords": [
                "Jalali",
                "arabic",
                "calendar",
                "ext-calendar",
                "french",
                "gregorian",
                "hebrew",
                "hijri",
                "jewish",
                "julian",
                "julian day",
                "julian day number",
                "persian",
                "shamsi"
            ],
            "time": "2015-09-21 15:12:48"
        },
        {
            "name": "sabre/uri",
            "version": "1.0.1",
            "source": {
                "type": "git",
                "url": "https://github.com/fruux/sabre-uri.git",
                "reference": "6bae7efdd9dfcfdb3edfc4362741e59ce4b64f42"
            },
            "dist": {
                "type": "zip",
                "url": "https://api.github.com/repos/fruux/sabre-uri/zipball/6bae7efdd9dfcfdb3edfc4362741e59ce4b64f42",
                "reference": "6bae7efdd9dfcfdb3edfc4362741e59ce4b64f42",
                "shasum": ""
            },
            "require": {
                "php": ">=5.4.7"
            },
            "require-dev": {
                "phpunit/phpunit": "*",
                "sabre/cs": "~0.0.1"
            },
            "type": "library",
            "autoload": {
                "files": [
                    "lib/functions.php"
                ],
                "psr-4": {
                    "Sabre\\Uri\\": "lib/"
                }
            },
            "notification-url": "https://packagist.org/downloads/",
            "license": [
                "BSD-3-Clause"
            ],
            "authors": [
                {
                    "name": "Evert Pot",
                    "email": "me@evertpot.com",
                    "homepage": "http://evertpot.com/",
                    "role": "Developer"
                }
            ],
            "description": "Functions for making sense out of URIs.",
            "homepage": "http://sabre.io/uri/",
            "keywords": [
                "rfc3986",
                "uri",
                "url"
            ],
            "time": "2015-04-29 03:47:26"
        },
        {
            "name": "sabre/xml",
            "version": "1.2.0",
            "source": {
                "type": "git",
                "url": "https://github.com/fruux/sabre-xml.git",
                "reference": "a3eeef9f3f13ee42503a1e06e5df3a6fc95b479b"
            },
            "dist": {
                "type": "zip",
                "url": "https://api.github.com/repos/fruux/sabre-xml/zipball/a3eeef9f3f13ee42503a1e06e5df3a6fc95b479b",
                "reference": "a3eeef9f3f13ee42503a1e06e5df3a6fc95b479b",
                "shasum": ""
            },
            "require": {
                "ext-dom": "*",
                "ext-xmlreader": "*",
                "ext-xmlwriter": "*",
                "lib-libxml": ">=2.6.20",
                "php": ">=5.4.1",
                "sabre/uri": "~1.0"
            },
            "require-dev": {
                "phpunit/phpunit": "*",
                "sabre/cs": "~0.0.2"
            },
            "type": "library",
            "autoload": {
                "psr-4": {
                    "Sabre\\Xml\\": "lib/"
                }
            },
            "notification-url": "https://packagist.org/downloads/",
            "license": [
                "BSD-3-Clause"
            ],
            "authors": [
                {
                    "name": "Evert Pot",
                    "email": "me@evertpot.com",
                    "homepage": "http://evertpot.com/",
                    "role": "Developer"
                }
            ],
            "description": "The Sabre XML parser is the only XML library that you may not hate.",
            "homepage": "https://sabre.io/xml/",
            "keywords": [
                "XMLReader",
                "XMLWriter",
                "dom",
                "xml"
            ],
            "time": "2015-08-30 07:57:48"
        }
    ],
    "packages-dev": [],
    "aliases": [],
    "minimum-stability": "stable",
    "stability-flags": [],
    "prefer-stable": false,
    "prefer-lowest": false,
    "platform": [],
    "platform-dev": []
}
